// !$*UTF8*$!
{
	archiveVersion = 1;
	classes = {
	};
	objectVersion = 46;
	objects = {

/* Begin PBXBuildFile section */
		4906FDAA1A2AD80E009E5BE8 /* AppDelegate.swift in Sources */ = {isa = PBXBuildFile; fileRef = 4906FDA91A2AD80E009E5BE8 /* AppDelegate.swift */; };
		4906FDAC1A2AD80E009E5BE8 /* ViewController.swift in Sources */ = {isa = PBXBuildFile; fileRef = 4906FDAB1A2AD80E009E5BE8 /* ViewController.swift */; };
		4906FDB11A2AD80E009E5BE8 /* Images.xcassets in Resources */ = {isa = PBXBuildFile; fileRef = 4906FDB01A2AD80E009E5BE8 /* Images.xcassets */; };
		4906FDB41A2AD80E009E5BE8 /* LaunchScreen.xib in Resources */ = {isa = PBXBuildFile; fileRef = 4906FDB21A2AD80E009E5BE8 /* LaunchScreen.xib */; };
		4906FDC01A2AD80E009E5BE8 /* DrinkCounterTests.swift in Sources */ = {isa = PBXBuildFile; fileRef = 4906FDBF1A2AD80E009E5BE8 /* DrinkCounterTests.swift */; };
		4906FDCC1A2B8802009E5BE8 /* Register.swift in Sources */ = {isa = PBXBuildFile; fileRef = 4906FDCB1A2B8802009E5BE8 /* Register.swift */; };
		4906FE001A2BFECF009E5BE8 /* Counter.swift in Sources */ = {isa = PBXBuildFile; fileRef = 4906FDFF1A2BFECF009E5BE8 /* Counter.swift */; };
		4938D1721A2F6475002A83DE /* Wine.swift in Sources */ = {isa = PBXBuildFile; fileRef = 4938D1711A2F6475002A83DE /* Wine.swift */; };
		495272111A328C210033DC81 /* beerbottle.png in Resources */ = {isa = PBXBuildFile; fileRef = 4952720E1A328C210033DC81 /* beerbottle.png */; };
		495272121A328C210033DC81 /* shotglass.png in Resources */ = {isa = PBXBuildFile; fileRef = 4952720F1A328C210033DC81 /* shotglass.png */; };
		495272131A328C210033DC81 /* solocup.png in Resources */ = {isa = PBXBuildFile; fileRef = 495272101A328C210033DC81 /* solocup.png */; };
		49A3EDE61A2ED23A002D6A66 /* Main.storyboard in Resources */ = {isa = PBXBuildFile; fileRef = 49A3EDE41A2ED23A002D6A66 /* Main.storyboard */; };
		49AA64541A30FB0200DF549C /* beercan.png in Resources */ = {isa = PBXBuildFile; fileRef = 49AA644D1A30FB0200DF549C /* beercan.png */; };
		49AA64551A30FB0200DF549C /* martini.png in Resources */ = {isa = PBXBuildFile; fileRef = 49AA644E1A30FB0200DF549C /* martini.png */; };
		49AA64581A30FB0200DF549C /* stein.png in Resources */ = {isa = PBXBuildFile; fileRef = 49AA64511A30FB0200DF549C /* stein.png */; };
		49AA64591A30FB0200DF549C /* wineglass.png in Resources */ = {isa = PBXBuildFile; fileRef = 49AA64521A30FB0200DF549C /* wineglass.png */; };
		49AB2A9B1A33AE5B000E4B63 /* fireworks.png in Resources */ = {isa = PBXBuildFile; fileRef = 49AB2A9A1A33AE5B000E4B63 /* fireworks.png */; };
		49D8709B1A32C9AF00CD312F /* NavigationController.swift in Sources */ = {isa = PBXBuildFile; fileRef = 49D8709A1A32C9AF00CD312F /* NavigationController.swift */; };
		49D8709D1A32E4E200CD312F /* Functions.swift in Sources */ = {isa = PBXBuildFile; fileRef = 49D8709C1A32E4E200CD312F /* Functions.swift */; };
		49ED8D241A2ECE240071FCBF /* Alcohol.swift in Sources */ = {isa = PBXBuildFile; fileRef = 49ED8D231A2ECE240071FCBF /* Alcohol.swift */; };
		69D847E71A31057C00C03442 /* caticon.png in Resources */ = {isa = PBXBuildFile; fileRef = 69D847E61A31057C00C03442 /* caticon.png */; };
		69D847E91A31064400C03442 /* CustomDrink.swift in Sources */ = {isa = PBXBuildFile; fileRef = 69D847E81A31064400C03442 /* CustomDrink.swift */; };
		69ECE1911A302442004BBC73 /* Beer.swift in Sources */ = {isa = PBXBuildFile; fileRef = 69ECE1901A302442004BBC73 /* Beer.swift */; };
		69F6488E1A30E88D00BEC442 /* wineicon.png in Resources */ = {isa = PBXBuildFile; fileRef = 69F6488D1A30E88D00BEC442 /* wineicon.png */; };
		69F648901A30EA0E00BEC442 /* beericon.png in Resources */ = {isa = PBXBuildFile; fileRef = 69F6488F1A30EA0E00BEC442 /* beericon.png */; };
		69F648921A30EB7B00BEC442 /* Liquor.swift in Sources */ = {isa = PBXBuildFile; fileRef = 69F648911A30EB7B00BEC442 /* Liquor.swift */; };
		69F648941A30F3C900BEC442 /* liquoricon.png in Resources */ = {isa = PBXBuildFile; fileRef = 69F648931A30F3C900BEC442 /* liquoricon.png */; };
/* End PBXBuildFile section */

/* Begin PBXContainerItemProxy section */
		4906FDBA1A2AD80E009E5BE8 /* PBXContainerItemProxy */ = {
			isa = PBXContainerItemProxy;
			containerPortal = 4906FD9C1A2AD80E009E5BE8 /* Project object */;
			proxyType = 1;
			remoteGlobalIDString = 4906FDA31A2AD80E009E5BE8;
			remoteInfo = DrinkCounter;
		};
/* End PBXContainerItemProxy section */

/* Begin PBXFileReference section */
		4906FDA41A2AD80E009E5BE8 /* DrinkCounter.app */ = {isa = PBXFileReference; explicitFileType = wrapper.application; includeInIndex = 0; path = DrinkCounter.app; sourceTree = BUILT_PRODUCTS_DIR; };
		4906FDA81A2AD80E009E5BE8 /* Info.plist */ = {isa = PBXFileReference; lastKnownFileType = text.plist.xml; path = Info.plist; sourceTree = "<group>"; };
		4906FDA91A2AD80E009E5BE8 /* AppDelegate.swift */ = {isa = PBXFileReference; lastKnownFileType = sourcecode.swift; path = AppDelegate.swift; sourceTree = "<group>"; };
		4906FDAB1A2AD80E009E5BE8 /* ViewController.swift */ = {isa = PBXFileReference; lastKnownFileType = sourcecode.swift; path = ViewController.swift; sourceTree = "<group>"; };
		4906FDB01A2AD80E009E5BE8 /* Images.xcassets */ = {isa = PBXFileReference; lastKnownFileType = folder.assetcatalog; path = Images.xcassets; sourceTree = "<group>"; };
		4906FDB31A2AD80E009E5BE8 /* Base */ = {isa = PBXFileReference; lastKnownFileType = file.xib; name = Base; path = Base.lproj/LaunchScreen.xib; sourceTree = "<group>"; };
		4906FDB91A2AD80E009E5BE8 /* DrinkCounterTests.xctest */ = {isa = PBXFileReference; explicitFileType = wrapper.cfbundle; includeInIndex = 0; path = DrinkCounterTests.xctest; sourceTree = BUILT_PRODUCTS_DIR; };
		4906FDBE1A2AD80E009E5BE8 /* Info.plist */ = {isa = PBXFileReference; lastKnownFileType = text.plist.xml; path = Info.plist; sourceTree = "<group>"; };
		4906FDBF1A2AD80E009E5BE8 /* DrinkCounterTests.swift */ = {isa = PBXFileReference; lastKnownFileType = sourcecode.swift; path = DrinkCounterTests.swift; sourceTree = "<group>"; };
		4906FDCB1A2B8802009E5BE8 /* Register.swift */ = {isa = PBXFileReference; fileEncoding = 4; lastKnownFileType = sourcecode.swift; path = Register.swift; sourceTree = "<group>"; };
		4906FDFF1A2BFECF009E5BE8 /* Counter.swift */ = {isa = PBXFileReference; fileEncoding = 4; lastKnownFileType = sourcecode.swift; path = Counter.swift; sourceTree = "<group>"; };
		4938D1711A2F6475002A83DE /* Wine.swift */ = {isa = PBXFileReference; fileEncoding = 4; lastKnownFileType = sourcecode.swift; path = Wine.swift; sourceTree = "<group>"; };
		4952720E1A328C210033DC81 /* beerbottle.png */ = {isa = PBXFileReference; lastKnownFileType = image.png; path = beerbottle.png; sourceTree = "<group>"; };
		4952720F1A328C210033DC81 /* shotglass.png */ = {isa = PBXFileReference; lastKnownFileType = image.png; path = shotglass.png; sourceTree = "<group>"; };
		495272101A328C210033DC81 /* solocup.png */ = {isa = PBXFileReference; lastKnownFileType = image.png; path = solocup.png; sourceTree = "<group>"; };
		49A3EDE51A2ED23A002D6A66 /* Base */ = {isa = PBXFileReference; lastKnownFileType = file.storyboard; name = Base; path = Base.lproj/Main.storyboard; sourceTree = "<group>"; };
		49AA644D1A30FB0200DF549C /* beercan.png */ = {isa = PBXFileReference; lastKnownFileType = image.png; path = beercan.png; sourceTree = "<group>"; };
		49AA644E1A30FB0200DF549C /* martini.png */ = {isa = PBXFileReference; lastKnownFileType = image.png; path = martini.png; sourceTree = "<group>"; };
		49AA64511A30FB0200DF549C /* stein.png */ = {isa = PBXFileReference; lastKnownFileType = image.png; path = stein.png; sourceTree = "<group>"; };
		49AA64521A30FB0200DF549C /* wineglass.png */ = {isa = PBXFileReference; lastKnownFileType = image.png; path = wineglass.png; sourceTree = "<group>"; };
		49AB2A9A1A33AE5B000E4B63 /* fireworks.png */ = {isa = PBXFileReference; lastKnownFileType = image.png; path = fireworks.png; sourceTree = "<group>"; };
		49D8709A1A32C9AF00CD312F /* NavigationController.swift */ = {isa = PBXFileReference; fileEncoding = 4; lastKnownFileType = sourcecode.swift; path = NavigationController.swift; sourceTree = "<group>"; };
		49D8709C1A32E4E200CD312F /* Functions.swift */ = {isa = PBXFileReference; fileEncoding = 4; lastKnownFileType = sourcecode.swift; path = Functions.swift; sourceTree = "<group>"; };
		49ED8D231A2ECE240071FCBF /* Alcohol.swift */ = {isa = PBXFileReference; fileEncoding = 4; lastKnownFileType = sourcecode.swift; path = Alcohol.swift; sourceTree = "<group>"; };
		69D847E61A31057C00C03442 /* caticon.png */ = {isa = PBXFileReference; lastKnownFileType = image.png; path = caticon.png; sourceTree = "<group>"; };
		69D847E81A31064400C03442 /* CustomDrink.swift */ = {isa = PBXFileReference; fileEncoding = 4; lastKnownFileType = sourcecode.swift; path = CustomDrink.swift; sourceTree = "<group>"; };
		69ECE1901A302442004BBC73 /* Beer.swift */ = {isa = PBXFileReference; fileEncoding = 4; lastKnownFileType = sourcecode.swift; path = Beer.swift; sourceTree = "<group>"; };
		69F6488D1A30E88D00BEC442 /* wineicon.png */ = {isa = PBXFileReference; lastKnownFileType = image.png; path = wineicon.png; sourceTree = "<group>"; };
		69F6488F1A30EA0E00BEC442 /* beericon.png */ = {isa = PBXFileReference; lastKnownFileType = image.png; path = beericon.png; sourceTree = "<group>"; };
		69F648911A30EB7B00BEC442 /* Liquor.swift */ = {isa = PBXFileReference; fileEncoding = 4; lastKnownFileType = sourcecode.swift; path = Liquor.swift; sourceTree = "<group>"; };
		69F648931A30F3C900BEC442 /* liquoricon.png */ = {isa = PBXFileReference; lastKnownFileType = image.png; path = liquoricon.png; sourceTree = "<group>"; };
/* End PBXFileReference section */

/* Begin PBXFrameworksBuildPhase section */
		4906FDA11A2AD80E009E5BE8 /* Frameworks */ = {
			isa = PBXFrameworksBuildPhase;
			buildActionMask = 2147483647;
			files = (
			);
			runOnlyForDeploymentPostprocessing = 0;
		};
		4906FDB61A2AD80E009E5BE8 /* Frameworks */ = {
			isa = PBXFrameworksBuildPhase;
			buildActionMask = 2147483647;
			files = (
			);
			runOnlyForDeploymentPostprocessing = 0;
		};
/* End PBXFrameworksBuildPhase section */

/* Begin PBXGroup section */
		4906FD9B1A2AD80E009E5BE8 = {
			isa = PBXGroup;
			children = (
				4906FDA61A2AD80E009E5BE8 /* DrinkCounter */,
				4906FDBC1A2AD80E009E5BE8 /* DrinkCounterTests */,
				4906FDA51A2AD80E009E5BE8 /* Products */,
			);
			sourceTree = "<group>";
		};
		4906FDA51A2AD80E009E5BE8 /* Products */ = {
			isa = PBXGroup;
			children = (
				4906FDA41A2AD80E009E5BE8 /* DrinkCounter.app */,
				4906FDB91A2AD80E009E5BE8 /* DrinkCounterTests.xctest */,
			);
			name = Products;
			sourceTree = "<group>";
		};
		4906FDA61A2AD80E009E5BE8 /* DrinkCounter */ = {
			isa = PBXGroup;
			children = (
				4906FDA91A2AD80E009E5BE8 /* AppDelegate.swift */,
				4906FDAB1A2AD80E009E5BE8 /* ViewController.swift */,
				49D8709C1A32E4E200CD312F /* Functions.swift */,
				49D8709A1A32C9AF00CD312F /* NavigationController.swift */,
				4906FDCB1A2B8802009E5BE8 /* Register.swift */,
				49ED8D231A2ECE240071FCBF /* Alcohol.swift */,
				69ECE1901A302442004BBC73 /* Beer.swift */,
				4938D1711A2F6475002A83DE /* Wine.swift */,
				69F648911A30EB7B00BEC442 /* Liquor.swift */,
				69D847E81A31064400C03442 /* CustomDrink.swift */,
				4906FDFF1A2BFECF009E5BE8 /* Counter.swift */,
				49A3EDE41A2ED23A002D6A66 /* Main.storyboard */,
				4906FDB01A2AD80E009E5BE8 /* Images.xcassets */,
				4906FDB21A2AD80E009E5BE8 /* LaunchScreen.xib */,
				4906FDA71A2AD80E009E5BE8 /* Supporting Files */,
			);
			path = DrinkCounter;
			sourceTree = "<group>";
		};
		4906FDA71A2AD80E009E5BE8 /* Supporting Files */ = {
			isa = PBXGroup;
			children = (
				4906FDA81A2AD80E009E5BE8 /* Info.plist */,
				69D847E61A31057C00C03442 /* caticon.png */,
				69F6488F1A30EA0E00BEC442 /* beericon.png */,
				49AB2A9A1A33AE5B000E4B63 /* fireworks.png */,
				69F6488D1A30E88D00BEC442 /* wineicon.png */,
				69F648931A30F3C900BEC442 /* liquoricon.png */,
				49AA644D1A30FB0200DF549C /* beercan.png */,
				4952720E1A328C210033DC81 /* beerbottle.png */,
				4952720F1A328C210033DC81 /* shotglass.png */,
				495272101A328C210033DC81 /* solocup.png */,
				49AA644E1A30FB0200DF549C /* martini.png */,
				49AA64511A30FB0200DF549C /* stein.png */,
				49AA64521A30FB0200DF549C /* wineglass.png */,
			);
			name = "Supporting Files";
			sourceTree = "<group>";
		};
		4906FDBC1A2AD80E009E5BE8 /* DrinkCounterTests */ = {
			isa = PBXGroup;
			children = (
				4906FDBF1A2AD80E009E5BE8 /* DrinkCounterTests.swift */,
				4906FDBD1A2AD80E009E5BE8 /* Supporting Files */,
			);
			path = DrinkCounterTests;
			sourceTree = "<group>";
		};
		4906FDBD1A2AD80E009E5BE8 /* Supporting Files */ = {
			isa = PBXGroup;
			children = (
				4906FDBE1A2AD80E009E5BE8 /* Info.plist */,
			);
			name = "Supporting Files";
			sourceTree = "<group>";
		};
/* End PBXGroup section */

/* Begin PBXNativeTarget section */
		4906FDA31A2AD80E009E5BE8 /* DrinkCounter */ = {
			isa = PBXNativeTarget;
			buildConfigurationList = 4906FDC31A2AD80E009E5BE8 /* Build configuration list for PBXNativeTarget "DrinkCounter" */;
			buildPhases = (
				4906FDA01A2AD80E009E5BE8 /* Sources */,
				4906FDA11A2AD80E009E5BE8 /* Frameworks */,
				4906FDA21A2AD80E009E5BE8 /* Resources */,
			);
			buildRules = (
			);
			dependencies = (
			);
			name = DrinkCounter;
			productName = DrinkCounter;
			productReference = 4906FDA41A2AD80E009E5BE8 /* DrinkCounter.app */;
			productType = "com.apple.product-type.application";
		};
		4906FDB81A2AD80E009E5BE8 /* DrinkCounterTests */ = {
			isa = PBXNativeTarget;
			buildConfigurationList = 4906FDC61A2AD80E009E5BE8 /* Build configuration list for PBXNativeTarget "DrinkCounterTests" */;
			buildPhases = (
				4906FDB51A2AD80E009E5BE8 /* Sources */,
				4906FDB61A2AD80E009E5BE8 /* Frameworks */,
				4906FDB71A2AD80E009E5BE8 /* Resources */,
			);
			buildRules = (
			);
			dependencies = (
				4906FDBB1A2AD80E009E5BE8 /* PBXTargetDependency */,
			);
			name = DrinkCounterTests;
			productName = DrinkCounterTests;
			productReference = 4906FDB91A2AD80E009E5BE8 /* DrinkCounterTests.xctest */;
			productType = "com.apple.product-type.bundle.unit-test";
		};
/* End PBXNativeTarget section */

/* Begin PBXProject section */
		4906FD9C1A2AD80E009E5BE8 /* Project object */ = {
			isa = PBXProject;
			attributes = {
				LastUpgradeCheck = 0610;
				ORGANIZATIONNAME = "Tiffany Lim";
				TargetAttributes = {
					4906FDA31A2AD80E009E5BE8 = {
						CreatedOnToolsVersion = 6.1;
						DevelopmentTeam = 3HZ8GXD28Q;
					};
					4906FDB81A2AD80E009E5BE8 = {
						CreatedOnToolsVersion = 6.1;
						TestTargetID = 4906FDA31A2AD80E009E5BE8;
					};
				};
			};
			buildConfigurationList = 4906FD9F1A2AD80E009E5BE8 /* Build configuration list for PBXProject "DrinkCounter" */;
			compatibilityVersion = "Xcode 3.2";
			developmentRegion = English;
			hasScannedForEncodings = 0;
			knownRegions = (
				en,
				Base,
			);
			mainGroup = 4906FD9B1A2AD80E009E5BE8;
			productRefGroup = 4906FDA51A2AD80E009E5BE8 /* Products */;
			projectDirPath = "";
			projectRoot = "";
			targets = (
				4906FDA31A2AD80E009E5BE8 /* DrinkCounter */,
				4906FDB81A2AD80E009E5BE8 /* DrinkCounterTests */,
			);
		};
/* End PBXProject section */

/* Begin PBXResourcesBuildPhase section */
		4906FDA21A2AD80E009E5BE8 /* Resources */ = {
			isa = PBXResourcesBuildPhase;
			buildActionMask = 2147483647;
			files = (
				69F648941A30F3C900BEC442 /* liquoricon.png in Resources */,
				49A3EDE61A2ED23A002D6A66 /* Main.storyboard in Resources */,
				495272121A328C210033DC81 /* shotglass.png in Resources */,
				495272131A328C210033DC81 /* solocup.png in Resources */,
				69F648901A30EA0E00BEC442 /* beericon.png in Resources */,
				4906FDB41A2AD80E009E5BE8 /* LaunchScreen.xib in Resources */,
				49AA64591A30FB0200DF549C /* wineglass.png in Resources */,
				495272111A328C210033DC81 /* beerbottle.png in Resources */,
				4906FDB11A2AD80E009E5BE8 /* Images.xcassets in Resources */,
				49AA64581A30FB0200DF549C /* stein.png in Resources */,
				69F6488E1A30E88D00BEC442 /* wineicon.png in Resources */,
				49AA64551A30FB0200DF549C /* martini.png in Resources */,
				49AB2A9B1A33AE5B000E4B63 /* fireworks.png in Resources */,
				69D847E71A31057C00C03442 /* caticon.png in Resources */,
				49AA64541A30FB0200DF549C /* beercan.png in Resources */,
			);
			runOnlyForDeploymentPostprocessing = 0;
		};
		4906FDB71A2AD80E009E5BE8 /* Resources */ = {
			isa = PBXResourcesBuildPhase;
			buildActionMask = 2147483647;
			files = (
			);
			runOnlyForDeploymentPostprocessing = 0;
		};
/* End PBXResourcesBuildPhase section */

/* Begin PBXSourcesBuildPhase section */
		4906FDA01A2AD80E009E5BE8 /* Sources */ = {
			isa = PBXSourcesBuildPhase;
			buildActionMask = 2147483647;
			files = (
				4906FDAC1A2AD80E009E5BE8 /* ViewController.swift in Sources */,
				4906FDAA1A2AD80E009E5BE8 /* AppDelegate.swift in Sources */,
				4938D1721A2F6475002A83DE /* Wine.swift in Sources */,
				69F648921A30EB7B00BEC442 /* Liquor.swift in Sources */,
				49D8709D1A32E4E200CD312F /* Functions.swift in Sources */,
				49ED8D241A2ECE240071FCBF /* Alcohol.swift in Sources */,
				4906FDCC1A2B8802009E5BE8 /* Register.swift in Sources */,
				69ECE1911A302442004BBC73 /* Beer.swift in Sources */,
				49D8709B1A32C9AF00CD312F /* NavigationController.swift in Sources */,
				4906FE001A2BFECF009E5BE8 /* Counter.swift in Sources */,
				69D847E91A31064400C03442 /* CustomDrink.swift in Sources */,
			);
			runOnlyForDeploymentPostprocessing = 0;
		};
		4906FDB51A2AD80E009E5BE8 /* Sources */ = {
			isa = PBXSourcesBuildPhase;
			buildActionMask = 2147483647;
			files = (
				4906FDC01A2AD80E009E5BE8 /* DrinkCounterTests.swift in Sources */,
			);
			runOnlyForDeploymentPostprocessing = 0;
		};
/* End PBXSourcesBuildPhase section */

/* Begin PBXTargetDependency section */
		4906FDBB1A2AD80E009E5BE8 /* PBXTargetDependency */ = {
			isa = PBXTargetDependency;
			target = 4906FDA31A2AD80E009E5BE8 /* DrinkCounter */;
			targetProxy = 4906FDBA1A2AD80E009E5BE8 /* PBXContainerItemProxy */;
		};
/* End PBXTargetDependency section */

/* Begin PBXVariantGroup section */
		4906FDB21A2AD80E009E5BE8 /* LaunchScreen.xib */ = {
			isa = PBXVariantGroup;
			children = (
				4906FDB31A2AD80E009E5BE8 /* Base */,
			);
			name = LaunchScreen.xib;
			sourceTree = "<group>";
		};
		49A3EDE41A2ED23A002D6A66 /* Main.storyboard */ = {
			isa = PBXVariantGroup;
			children = (
				49A3EDE51A2ED23A002D6A66 /* Base */,
			);
			name = Main.storyboard;
			sourceTree = "<group>";
		};
/* End PBXVariantGroup section */

/* Begin XCBuildConfiguration section */
		4906FDC11A2AD80E009E5BE8 /* Debug */ = {
			isa = XCBuildConfiguration;
			buildSettings = {
				ALWAYS_SEARCH_USER_PATHS = NO;
				CLANG_CXX_LANGUAGE_STANDARD = "gnu++0x";
				CLANG_CXX_LIBRARY = "libc++";
				CLANG_ENABLE_MODULES = YES;
				CLANG_ENABLE_OBJC_ARC = YES;
				CLANG_WARN_BOOL_CONVERSION = YES;
				CLANG_WARN_CONSTANT_CONVERSION = YES;
				CLANG_WARN_DIRECT_OBJC_ISA_USAGE = YES_ERROR;
				CLANG_WARN_EMPTY_BODY = YES;
				CLANG_WARN_ENUM_CONVERSION = YES;
				CLANG_WARN_INT_CONVERSION = YES;
				CLANG_WARN_OBJC_ROOT_CLASS = YES_ERROR;
				CLANG_WARN_UNREACHABLE_CODE = YES;
				CLANG_WARN__DUPLICATE_METHOD_MATCH = YES;
				"CODE_SIGN_IDENTITY[sdk=iphoneos*]" = "iPhone Developer";
				COPY_PHASE_STRIP = NO;
				ENABLE_STRICT_OBJC_MSGSEND = YES;
				GCC_C_LANGUAGE_STANDARD = gnu99;
				GCC_DYNAMIC_NO_PIC = NO;
				GCC_OPTIMIZATION_LEVEL = 0;
				GCC_PREPROCESSOR_DEFINITIONS = (
					"DEBUG=1",
					"$(inherited)",
				);
				GCC_SYMBOLS_PRIVATE_EXTERN = NO;
				GCC_WARN_64_TO_32_BIT_CONVERSION = YES;
				GCC_WARN_ABOUT_RETURN_TYPE = YES_ERROR;
				GCC_WARN_UNDECLARED_SELECTOR = YES;
				GCC_WARN_UNINITIALIZED_AUTOS = YES_AGGRESSIVE;
				GCC_WARN_UNUSED_FUNCTION = YES;
				GCC_WARN_UNUSED_VARIABLE = YES;
				IPHONEOS_DEPLOYMENT_TARGET = 8.1;
				MTL_ENABLE_DEBUG_INFO = YES;
				ONLY_ACTIVE_ARCH = YES;
				SDKROOT = iphoneos;
				SWIFT_OPTIMIZATION_LEVEL = "-Onone";
			};
			name = Debug;
		};
		4906FDC21A2AD80E009E5BE8 /* Release */ = {
			isa = XCBuildConfiguration;
			buildSettings = {
				ALWAYS_SEARCH_USER_PATHS = NO;
				CLANG_CXX_LANGUAGE_STANDARD = "gnu++0x";
				CLANG_CXX_LIBRARY = "libc++";
				CLANG_ENABLE_MODULES = YES;
				CLANG_ENABLE_OBJC_ARC = YES;
				CLANG_WARN_BOOL_CONVERSION = YES;
				CLANG_WARN_CONSTANT_CONVERSION = YES;
				CLANG_WARN_DIRECT_OBJC_ISA_USAGE = YES_ERROR;
				CLANG_WARN_EMPTY_BODY = YES;
				CLANG_WARN_ENUM_CONVERSION = YES;
				CLANG_WARN_INT_CONVERSION = YES;
				CLANG_WARN_OBJC_ROOT_CLASS = YES_ERROR;
				CLANG_WARN_UNREACHABLE_CODE = YES;
				CLANG_WARN__DUPLICATE_METHOD_MATCH = YES;
				"CODE_SIGN_IDENTITY[sdk=iphoneos*]" = "iPhone Developer";
				COPY_PHASE_STRIP = YES;
				ENABLE_NS_ASSERTIONS = NO;
				ENABLE_STRICT_OBJC_MSGSEND = YES;
				GCC_C_LANGUAGE_STANDARD = gnu99;
				GCC_WARN_64_TO_32_BIT_CONVERSION = YES;
				GCC_WARN_ABOUT_RETURN_TYPE = YES_ERROR;
				GCC_WARN_UNDECLARED_SELECTOR = YES;
				GCC_WARN_UNINITIALIZED_AUTOS = YES_AGGRESSIVE;
				GCC_WARN_UNUSED_FUNCTION = YES;
				GCC_WARN_UNUSED_VARIABLE = YES;
				IPHONEOS_DEPLOYMENT_TARGET = 8.1;
				MTL_ENABLE_DEBUG_INFO = NO;
				SDKROOT = iphoneos;
				VALIDATE_PRODUCT = YES;
			};
			name = Release;
		};
		4906FDC41A2AD80E009E5BE8 /* Debug */ = {
			isa = XCBuildConfiguration;
			buildSettings = {
				ASSETCATALOG_COMPILER_APPICON_NAME = AppIcon;
				CODE_SIGN_IDENTITY = "iPhone Developer";
				"CODE_SIGN_IDENTITY[sdk=iphoneos*]" = "iPhone Developer";
				INFOPLIST_FILE = DrinkCounter/Info.plist;
				LD_RUNPATH_SEARCH_PATHS = "$(inherited) @executable_path/Frameworks";
				PRODUCT_NAME = "$(TARGET_NAME)";
				PROVISIONING_PROFILE = "";
			};
			name = Debug;
		};
		4906FDC51A2AD80E009E5BE8 /* Release */ = {
			isa = XCBuildConfiguration;
			buildSettings = {
				ASSETCATALOG_COMPILER_APPICON_NAME = AppIcon;
				CODE_SIGN_IDENTITY = "iPhone Developer";
				"CODE_SIGN_IDENTITY[sdk=iphoneos*]" = "iPhone Developer";
				INFOPLIST_FILE = DrinkCounter/Info.plist;
				LD_RUNPATH_SEARCH_PATHS = "$(inherited) @executable_path/Frameworks";
				PRODUCT_NAME = "$(TARGET_NAME)";
				PROVISIONING_PROFILE = "";
			};
			name = Release;
		};
		4906FDC71A2AD80E009E5BE8 /* Debug */ = {
			isa = XCBuildConfiguration;
			buildSettings = {
				BUNDLE_LOADER = "$(TEST_HOST)";
				FRAMEWORK_SEARCH_PATHS = (
					"$(SDKROOT)/Developer/Library/Frameworks",
					"$(inherited)",
				);
				GCC_PREPROCESSOR_DEFINITIONS = (
					"DEBUG=1",
					"$(inherited)",
				);
				INFOPLIST_FILE = DrinkCounterTests/Info.plist;
				LD_RUNPATH_SEARCH_PATHS = "$(inherited) @executable_path/Frameworks @loader_path/Frameworks";
				PRODUCT_NAME = "$(TARGET_NAME)";
				TEST_HOST = "$(BUILT_PRODUCTS_DIR)/DrinkCounter.app/DrinkCounter";
			};
			name = Debug;
		};
		4906FDC81A2AD80E009E5BE8 /* Release */ = {
			isa = XCBuildConfiguration;
			buildSettings = {
				BUNDLE_LOADER = "$(TEST_HOST)";
				FRAMEWORK_SEARCH_PATHS = (
					"$(SDKROOT)/Developer/Library/Frameworks",
					"$(inherited)",
				);
				INFOPLIST_FILE = DrinkCounterTests/Info.plist;
				LD_RUNPATH_SEARCH_PATHS = "$(inherited) @executable_path/Frameworks @loader_path/Frameworks";
				PRODUCT_NAME = "$(TARGET_NAME)";
				TEST_HOST = "$(BUILT_PRODUCTS_DIR)/DrinkCounter.app/DrinkCounter";
			};
			name = Release;
		};
/* End XCBuildConfiguration section */

/* Begin XCConfigurationList section */
		4906FD9F1A2AD80E009E5BE8 /* Build configuration list for PBXProject "DrinkCounter" */ = {
			isa = XCConfigurationList;
			buildConfigurations = (
				4906FDC11A2AD80E009E5BE8 /* Debug */,
				4906FDC21A2AD80E009E5BE8 /* Release */,
			);
			defaultConfigurationIsVisible = 0;
			defaultConfigurationName = Release;
		};
		4906FDC31A2AD80E009E5BE8 /* Build configuration list for PBXNativeTarget "DrinkCounter" */ = {
			isa = XCConfigurationList;
			buildConfigurations = (
				4906FDC41A2AD80E009E5BE8 /* Debug */,
				4906FDC51A2AD80E009E5BE8 /* Release */,
			);
			defaultConfigurationIsVisible = 0;
			defaultConfigurationName = Release;
		};
		4906FDC61A2AD80E009E5BE8 /* Build configuration list for PBXNativeTarget "DrinkCounterTests" */ = {
			isa = XCConfigurationList;
			buildConfigurations = (
				4906FDC71A2AD80E009E5BE8 /* Debug */,
				4906FDC81A2AD80E009E5BE8 /* Release */,
			);
			defaultConfigurationIsVisible = 0;
			defaultConfigurationName = Release;
		};
/* End XCConfigurationList section */
	};
	rootObject = 4906FD9C1A2AD80E009E5BE8 /* Project object */;
}
